
Microsoft Visual Studio Solution File, Format Version 12.00
# Visual Studio Version 17
VisualStudioVersion = 17.2.32602.215
MinimumVisualStudioVersion = 10.0.40219.1
Project("{9A19103F-16F7-4668-BE54-9A1E7A4F7556}") = "Expense Managment System", "Expense Managment System.csproj", "{58A6B340-964B-4310-9C4C-1EDC4F419080}"
EndProject
Global
	GlobalSection(SolutionConfigurationPlatforms) = preSolution
		Debug|Any CPU = Debug|Any CPU
		Release|Any CPU = Release|Any CPU
	EndGlobalSection
	GlobalSection(ProjectConfigurationPlatforms) = postSolution
		{58A6B340-964B-4310-9C4C-1EDC4F419080}.Debug|Any CPU.ActiveCfg = Debug|Any CPU
		{58A6B340-964B-4310-9C4C-1EDC4F419080}.Debug|Any CPU.Build.0 = Debug|Any CPU
		{58A6B340-964B-4310-9C4C-1EDC4F419080}.Release|Any CPU.ActiveCfg = Release|Any CPU
		{58A6B340-964B-4310-9C4C-1EDC4F419080}.Release|Any CPU.Build.0 = Release|Any CPU
	EndGlobalSection
	GlobalSection(SolutionProperties) = preSolution
		HideSolutionNode = FALSE
	EndGlobalSection
	GlobalSection(ExtensibilityGlobals) = postSolution
		SolutionGuid = {529589DF-7C87-4BED-A9D6-EC9DCA5C298E}
	EndGlobalSection
EndGlobal
